// !$*UTF8*$!
{
	archiveVersion = 1;
	classes = {
	};
	objectVersion = 54;
	objects = {

/* Begin PBXBuildFile section */
		0D17C6C079E34DA36DD95ED8 /* PrivacyInfo.xcprivacy in Resources */ = {isa = PBXBuildFile; fileRef = 13B07FB81A68108700A75B9A /* PrivacyInfo.xcprivacy */; };
		13B07FBF1A68108700A75B9A /* Images.xcassets in Resources */ = {isa = PBXBuildFile; fileRef = 13B07FB51A68108700A75B9A /* Images.xcassets */; };
		2837EB52D49F49CE830F4F44 /* HostGrotesk-Light.otf in Resources */ = {isa = PBXBuildFile; fileRef = BCD35CFAAB97427294FA4471 /* HostGrotesk-Light.otf */; };
		393E2A0AD0E044628355FDEA /* HostGrotesk-Italic.otf in Resources */ = {isa = PBXBuildFile; fileRef = 5A45DD90E3C04CA9A4C7F97E /* HostGrotesk-Italic.otf */; };
		3E3EF9692D49007700029429 /* AppDelegate.swift in Sources */ = {isa = PBXBuildFile; fileRef = 3E3EF9682D49007700029429 /* AppDelegate.swift */; };
		409E207736474AE99A772397 /* HostGrotesk-BlackItalic.otf in Resources */ = {isa = PBXBuildFile; fileRef = 163F504C81FE469EA2A6B556 /* HostGrotesk-BlackItalic.otf */; };
		51EB4C4F6A264F5B8E02B22E /* HostGrotesk-BoldItalic.otf in Resources */ = {isa = PBXBuildFile; fileRef = C6C62C124D0E4E6EBFAF01F4 /* HostGrotesk-BoldItalic.otf */; };
		602C137C20854194AEEDB27E /* HostGrotesk-Bold.otf in Resources */ = {isa = PBXBuildFile; fileRef = 6E2593D65C144EFF834CB2CE /* HostGrotesk-Bold.otf */; };
		7376BFDA6C2340DA8D70E8EC /* HostGrotesk-Regular.otf in Resources */ = {isa = PBXBuildFile; fileRef = 9E64B7C804414BD085350CB0 /* HostGrotesk-Regular.otf */; };
		81AB9BB82411601600AC10FF /* LaunchScreen.storyboard in Resources */ = {isa = PBXBuildFile; fileRef = 81AB9BB72411601600AC10FF /* LaunchScreen.storyboard */; };
		98DA4388839A46E7A6A40876 /* HostGrotesk-LightItalic.otf in Resources */ = {isa = PBXBuildFile; fileRef = E819E86BFB884B3B97191655 /* HostGrotesk-LightItalic.otf */; };
		AC59FE97C602D8DEA526E292 /* libPods-GasStationsApp.a in Frameworks */ = {isa = PBXBuildFile; fileRef = 42849DE4D5BBBBA61D3089A5 /* libPods-GasStationsApp.a */; };
		C04DBF501FA147E1AB0DB30E /* HostGrotesk-MediumItalic.otf in Resources */ = {isa = PBXBuildFile; fileRef = 435817F81B45428AB5A8576A /* HostGrotesk-MediumItalic.otf */; };
		D079A5F7253B4AC1A671427E /* HostGrotesk-Medium.otf in Resources */ = {isa = PBXBuildFile; fileRef = 5CEAEC6F4A6847A795646768 /* HostGrotesk-Medium.otf */; };
		ECE56B74C99C42709553848F /* HostGrotesk-Black.otf in Resources */ = {isa = PBXBuildFile; fileRef = 5E214642AE2C46B098B3F1DA /* HostGrotesk-Black.otf */; };
/* End PBXBuildFile section */

/* Begin PBXFileReference section */
		13B07F961A680F5B00A75B9A /* GasStationsApp.app */ = {isa = PBXFileReference; explicitFileType = wrapper.application; includeInIndex = 0; path = GasStationsApp.app; sourceTree = BUILT_PRODUCTS_DIR; };
		13B07FB51A68108700A75B9A /* Images.xcassets */ = {isa = PBXFileReference; lastKnownFileType = folder.assetcatalog; name = Images.xcassets; path = GasStationsApp/Images.xcassets; sourceTree = "<group>"; };
		13B07FB61A68108700A75B9A /* Info.plist */ = {isa = PBXFileReference; fileEncoding = 4; lastKnownFileType = text.plist.xml; name = Info.plist; path = GasStationsApp/Info.plist; sourceTree = "<group>"; };
		13B07FB81A68108700A75B9A /* PrivacyInfo.xcprivacy */ = {isa = PBXFileReference; fileEncoding = 4; lastKnownFileType = text.plist.xml; name = PrivacyInfo.xcprivacy; path = GasStationsApp/PrivacyInfo.xcprivacy; sourceTree = "<group>"; };
		163F504C81FE469EA2A6B556 /* HostGrotesk-BlackItalic.otf */ = {isa = PBXFileReference; explicitFileType = undefined; fileEncoding = 9; includeInIndex = 0; lastKnownFileType = unknown; name = "HostGrotesk-BlackItalic.otf"; path = "../assets/fonts/HostGrotesk-BlackItalic.otf"; sourceTree = "<group>"; };
		3E3EF9682D49007700029429 /* AppDelegate.swift */ = {isa = PBXFileReference; lastKnownFileType = sourcecode.swift; path = AppDelegate.swift; sourceTree = "<group>"; };
		42849DE4D5BBBBA61D3089A5 /* libPods-GasStationsApp.a */ = {isa = PBXFileReference; explicitFileType = archive.ar; includeInIndex = 0; path = "libPods-GasStationsApp.a"; sourceTree = BUILT_PRODUCTS_DIR; };
		435817F81B45428AB5A8576A /* HostGrotesk-MediumItalic.otf */ = {isa = PBXFileReference; explicitFileType = undefined; fileEncoding = 9; includeInIndex = 0; lastKnownFileType = unknown; name = "HostGrotesk-MediumItalic.otf"; path = "../assets/fonts/HostGrotesk-MediumItalic.otf"; sourceTree = "<group>"; };
		5A45DD90E3C04CA9A4C7F97E /* HostGrotesk-Italic.otf */ = {isa = PBXFileReference; explicitFileType = undefined; fileEncoding = 9; includeInIndex = 0; lastKnownFileType = unknown; name = "HostGrotesk-Italic.otf"; path = "../assets/fonts/HostGrotesk-Italic.otf"; sourceTree = "<group>"; };
		5CEAEC6F4A6847A795646768 /* HostGrotesk-Medium.otf */ = {isa = PBXFileReference; explicitFileType = undefined; fileEncoding = 9; includeInIndex = 0; lastKnownFileType = unknown; name = "HostGrotesk-Medium.otf"; path = "../assets/fonts/HostGrotesk-Medium.otf"; sourceTree = "<group>"; };
		5E214642AE2C46B098B3F1DA /* HostGrotesk-Black.otf */ = {isa = PBXFileReference; explicitFileType = undefined; fileEncoding = 9; includeInIndex = 0; lastKnownFileType = unknown; name = "HostGrotesk-Black.otf"; path = "../assets/fonts/HostGrotesk-Black.otf"; sourceTree = "<group>"; };
		6E2593D65C144EFF834CB2CE /* HostGrotesk-Bold.otf */ = {isa = PBXFileReference; explicitFileType = undefined; fileEncoding = 9; includeInIndex = 0; lastKnownFileType = unknown; name = "HostGrotesk-Bold.otf"; path = "../assets/fonts/HostGrotesk-Bold.otf"; sourceTree = "<group>"; };
		7DD9536E44E42DB99D439FBF /* Pods-GasStationsApp.release.xcconfig */ = {isa = PBXFileReference; includeInIndex = 1; lastKnownFileType = text.xcconfig; name = "Pods-GasStationsApp.release.xcconfig"; path = "Target Support Files/Pods-GasStationsApp/Pods-GasStationsApp.release.xcconfig"; sourceTree = "<group>"; };
		81AB9BB72411601600AC10FF /* LaunchScreen.storyboard */ = {isa = PBXFileReference; fileEncoding = 4; lastKnownFileType = file.storyboard; name = LaunchScreen.storyboard; path = GasStationsApp/LaunchScreen.storyboard; sourceTree = "<group>"; };
		9E64B7C804414BD085350CB0 /* HostGrotesk-Regular.otf */ = {isa = PBXFileReference; explicitFileType = undefined; fileEncoding = 9; includeInIndex = 0; lastKnownFileType = unknown; name = "HostGrotesk-Regular.otf"; path = "../assets/fonts/HostGrotesk-Regular.otf"; sourceTree = "<group>"; };
		BCD35CFAAB97427294FA4471 /* HostGrotesk-Light.otf */ = {isa = PBXFileReference; explicitFileType = undefined; fileEncoding = 9; includeInIndex = 0; lastKnownFileType = unknown; name = "HostGrotesk-Light.otf"; path = "../assets/fonts/HostGrotesk-Light.otf"; sourceTree = "<group>"; };
		C6C62C124D0E4E6EBFAF01F4 /* HostGrotesk-BoldItalic.otf */ = {isa = PBXFileReference; explicitFileType = undefined; fileEncoding = 9; includeInIndex = 0; lastKnownFileType = unknown; name = "HostGrotesk-BoldItalic.otf"; path = "../assets/fonts/HostGrotesk-BoldItalic.otf"; sourceTree = "<group>"; };
		DB0FCAAE0A4C6979065EAE41 /* Pods-GasStationsApp.debug.xcconfig */ = {isa = PBXFileReference; includeInIndex = 1; lastKnownFileType = text.xcconfig; name = "Pods-GasStationsApp.debug.xcconfig"; path = "Target Support Files/Pods-GasStationsApp/Pods-GasStationsApp.debug.xcconfig"; sourceTree = "<group>"; };
		E819E86BFB884B3B97191655 /* HostGrotesk-LightItalic.otf */ = {isa = PBXFileReference; explicitFileType = undefined; fileEncoding = 9; includeInIndex = 0; lastKnownFileType = unknown; name = "HostGrotesk-LightItalic.otf"; path = "../assets/fonts/HostGrotesk-LightItalic.otf"; sourceTree = "<group>"; };
		ED297162215061F000B7C4FE /* JavaScriptCore.framework */ = {isa = PBXFileReference; lastKnownFileType = wrapper.framework; name = JavaScriptCore.framework; path = System/Library/Frameworks/JavaScriptCore.framework; sourceTree = SDKROOT; };
/* End PBXFileReference section */

/* Begin PBXFrameworksBuildPhase section */
		13B07F8C1A680F5B00A75B9A /* Frameworks */ = {
			isa = PBXFrameworksBuildPhase;
			buildActionMask = 2147483647;
			files = (
				AC59FE97C602D8DEA526E292 /* libPods-GasStationsApp.a in Frameworks */,
			);
			runOnlyForDeploymentPostprocessing = 0;
		};
/* End PBXFrameworksBuildPhase section */

/* Begin PBXGroup section */
		13B07FAE1A68108700A75B9A /* GasStationsApp */ = {
			isa = PBXGroup;
			children = (
				13B07FB51A68108700A75B9A /* Images.xcassets */,
				13B07FB61A68108700A75B9A /* Info.plist */,
				81AB9BB72411601600AC10FF /* LaunchScreen.storyboard */,
				13B07FB81A68108700A75B9A /* PrivacyInfo.xcprivacy */,
				3E3EF9682D49007700029429 /* AppDelegate.swift */,
			);
			name = GasStationsApp;
			sourceTree = "<group>";
		};
		2D16E6871FA4F8E400B85C8A /* Frameworks */ = {
			isa = PBXGroup;
			children = (
				ED297162215061F000B7C4FE /* JavaScriptCore.framework */,
				42849DE4D5BBBBA61D3089A5 /* libPods-GasStationsApp.a */,
			);
			name = Frameworks;
			sourceTree = "<group>";
		};
		461C89A61B0C49EEA34CFF9B /* Resources */ = {
			isa = PBXGroup;
			children = (
				5E214642AE2C46B098B3F1DA /* HostGrotesk-Black.otf */,
				163F504C81FE469EA2A6B556 /* HostGrotesk-BlackItalic.otf */,
				6E2593D65C144EFF834CB2CE /* HostGrotesk-Bold.otf */,
				C6C62C124D0E4E6EBFAF01F4 /* HostGrotesk-BoldItalic.otf */,
				5A45DD90E3C04CA9A4C7F97E /* HostGrotesk-Italic.otf */,
				BCD35CFAAB97427294FA4471 /* HostGrotesk-Light.otf */,
				E819E86BFB884B3B97191655 /* HostGrotesk-LightItalic.otf */,
				5CEAEC6F4A6847A795646768 /* HostGrotesk-Medium.otf */,
				435817F81B45428AB5A8576A /* HostGrotesk-MediumItalic.otf */,
				9E64B7C804414BD085350CB0 /* HostGrotesk-Regular.otf */,
			);
			name = Resources;
			sourceTree = "<group>";
		};
		832341AE1AAA6A7D00B99B32 /* Libraries */ = {
			isa = PBXGroup;
			children = (
			);
			name = Libraries;
			sourceTree = "<group>";
		};
		83CBB9F61A601CBA00E9B192 = {
			isa = PBXGroup;
			children = (
				13B07FAE1A68108700A75B9A /* GasStationsApp */,
				832341AE1AAA6A7D00B99B32 /* Libraries */,
				83CBBA001A601CBA00E9B192 /* Products */,
				2D16E6871FA4F8E400B85C8A /* Frameworks */,
				BBD78D7AC51CEA395F1C20DB /* Pods */,
				461C89A61B0C49EEA34CFF9B /* Resources */,
			);
			indentWidth = 2;
			sourceTree = "<group>";
			tabWidth = 2;
			usesTabs = 0;
		};
		83CBBA001A601CBA00E9B192 /* Products */ = {
			isa = PBXGroup;
			children = (
				13B07F961A680F5B00A75B9A /* GasStationsApp.app */,
			);
			name = Products;
			sourceTree = "<group>";
		};
		BBD78D7AC51CEA395F1C20DB /* Pods */ = {
			isa = PBXGroup;
			children = (
				DB0FCAAE0A4C6979065EAE41 /* Pods-GasStationsApp.debug.xcconfig */,
				7DD9536E44E42DB99D439FBF /* Pods-GasStationsApp.release.xcconfig */,
			);
			path = Pods;
			sourceTree = "<group>";
		};
/* End PBXGroup section */

/* Begin PBXNativeTarget section */
		13B07F861A680F5B00A75B9A /* GasStationsApp */ = {
			isa = PBXNativeTarget;
			buildConfigurationList = 13B07F931A680F5B00A75B9A /* Build configuration list for PBXNativeTarget "GasStationsApp" */;
			buildPhases = (
				E701EF2B672ACF3A78F083BE /* [CP] Check Pods Manifest.lock */,
				13B07F871A680F5B00A75B9A /* Sources */,
				13B07F8C1A680F5B00A75B9A /* Frameworks */,
				13B07F8E1A680F5B00A75B9A /* Resources */,
				00DD1BFF1BD5951E006B06BC /* Bundle React Native code and images */,
				C949B5C743618FC915E5041C /* [CP] Embed Pods Frameworks */,
				5CE1FECD76A957055E916896 /* [CP] Copy Pods Resources */,
			);
			buildRules = (
			);
			dependencies = (
			);
			name = GasStationsApp;
			productName = GasStationsApp;
			productReference = 13B07F961A680F5B00A75B9A /* GasStationsApp.app */;
			productType = "com.apple.product-type.application";
		};
/* End PBXNativeTarget section */

/* Begin PBXProject section */
		83CBB9F71A601CBA00E9B192 /* Project object */ = {
			isa = PBXProject;
			attributes = {
				LastUpgradeCheck = 1210;
				TargetAttributes = {
					13B07F861A680F5B00A75B9A = {
						LastSwiftMigration = 1610;
					};
				};
			};
			buildConfigurationList = 83CBB9FA1A601CBA00E9B192 /* Build configuration list for PBXProject "GasStationsApp" */;
			compatibilityVersion = "Xcode 12.0";
			developmentRegion = en;
			hasScannedForEncodings = 0;
			knownRegions = (
				en,
				Base,
			);
			mainGroup = 83CBB9F61A601CBA00E9B192;
			productRefGroup = 83CBBA001A601CBA00E9B192 /* Products */;
			projectDirPath = "";
			projectRoot = "";
			targets = (
				13B07F861A680F5B00A75B9A /* GasStationsApp */,
			);
		};
/* End PBXProject section */

/* Begin PBXResourcesBuildPhase section */
		13B07F8E1A680F5B00A75B9A /* Resources */ = {
			isa = PBXResourcesBuildPhase;
			buildActionMask = 2147483647;
			files = (
				81AB9BB82411601600AC10FF /* LaunchScreen.storyboard in Resources */,
				13B07FBF1A68108700A75B9A /* Images.xcassets in Resources */,
				0D17C6C079E34DA36DD95ED8 /* PrivacyInfo.xcprivacy in Resources */,
				ECE56B74C99C42709553848F /* HostGrotesk-Black.otf in Resources */,
				409E207736474AE99A772397 /* HostGrotesk-BlackItalic.otf in Resources */,
				602C137C20854194AEEDB27E /* HostGrotesk-Bold.otf in Resources */,
				51EB4C4F6A264F5B8E02B22E /* HostGrotesk-BoldItalic.otf in Resources */,
				393E2A0AD0E044628355FDEA /* HostGrotesk-Italic.otf in Resources */,
				2837EB52D49F49CE830F4F44 /* HostGrotesk-Light.otf in Resources */,
				98DA4388839A46E7A6A40876 /* HostGrotesk-LightItalic.otf in Resources */,
				D079A5F7253B4AC1A671427E /* HostGrotesk-Medium.otf in Resources */,
				C04DBF501FA147E1AB0DB30E /* HostGrotesk-MediumItalic.otf in Resources */,
				7376BFDA6C2340DA8D70E8EC /* HostGrotesk-Regular.otf in Resources */,
			);
			runOnlyForDeploymentPostprocessing = 0;
		};
/* End PBXResourcesBuildPhase section */

/* Begin PBXShellScriptBuildPhase section */
		00DD1BFF1BD5951E006B06BC /* Bundle React Native code and images */ = {
			isa = PBXShellScriptBuildPhase;
			buildActionMask = 2147483647;
			files = (
			);
			inputPaths = (
				"$(SRCROOT)/.xcode.env.local",
				"$(SRCROOT)/.xcode.env",
			);
			name = "Bundle React Native code and images";
			outputPaths = (
			);
			runOnlyForDeploymentPostprocessing = 0;
			shellPath = /bin/sh;
			shellScript = "set -e\n\nWITH_ENVIRONMENT=\"$REACT_NATIVE_PATH/scripts/xcode/with-environment.sh\"\nREACT_NATIVE_XCODE=\"$REACT_NATIVE_PATH/scripts/react-native-xcode.sh\"\n\n/bin/sh -c \"$WITH_ENVIRONMENT $REACT_NATIVE_XCODE\"\n";
		};
		5CE1FECD76A957055E916896 /* [CP] Copy Pods Resources */ = {
			isa = PBXShellScriptBuildPhase;
			buildActionMask = 2147483647;
			files = (
			);
			inputFileListPaths = (
				"${PODS_ROOT}/Target Support Files/Pods-GasStationsApp/Pods-GasStationsApp-resources-${CONFIGURATION}-input-files.xcfilelist",
			);
			name = "[CP] Copy Pods Resources";
			outputFileListPaths = (
				"${PODS_ROOT}/Target Support Files/Pods-GasStationsApp/Pods-GasStationsApp-resources-${CONFIGURATION}-output-files.xcfilelist",
			);
			runOnlyForDeploymentPostprocessing = 0;
			shellPath = /bin/sh;
			shellScript = "\"${PODS_ROOT}/Target Support Files/Pods-GasStationsApp/Pods-GasStationsApp-resources.sh\"\n";
			showEnvVarsInLog = 0;
		};
		C949B5C743618FC915E5041C /* [CP] Embed Pods Frameworks */ = {
			isa = PBXShellScriptBuildPhase;
			buildActionMask = 2147483647;
			files = (
			);
			inputFileListPaths = (
				"${PODS_ROOT}/Target Support Files/Pods-GasStationsApp/Pods-GasStationsApp-frameworks-${CONFIGURATION}-input-files.xcfilelist",
			);
			name = "[CP] Embed Pods Frameworks";
			outputFileListPaths = (
				"${PODS_ROOT}/Target Support Files/Pods-GasStationsApp/Pods-GasStationsApp-frameworks-${CONFIGURATION}-output-files.xcfilelist",
			);
			runOnlyForDeploymentPostprocessing = 0;
			shellPath = /bin/sh;
			shellScript = "\"${PODS_ROOT}/Target Support Files/Pods-GasStationsApp/Pods-GasStationsApp-frameworks.sh\"\n";
			showEnvVarsInLog = 0;
		};
		E701EF2B672ACF3A78F083BE /* [CP] Check Pods Manifest.lock */ = {
			isa = PBXShellScriptBuildPhase;
			buildActionMask = 2147483647;
			files = (
			);
			inputFileListPaths = (
			);
			inputPaths = (
				"${PODS_PODFILE_DIR_PATH}/Podfile.lock",
				"${PODS_ROOT}/Manifest.lock",
			);
			name = "[CP] Check Pods Manifest.lock";
			outputFileListPaths = (
			);
			outputPaths = (
				"$(DERIVED_FILE_DIR)/Pods-GasStationsApp-checkManifestLockResult.txt",
			);
			runOnlyForDeploymentPostprocessing = 0;
			shellPath = /bin/sh;
			shellScript = "diff \"${PODS_PODFILE_DIR_PATH}/Podfile.lock\" \"${PODS_ROOT}/Manifest.lock\" > /dev/null\nif [ $? != 0 ] ; then\n    # print error to STDERR\n    echo \"error: The sandbox is not in sync with the Podfile.lock. Run 'pod install' or update your CocoaPods installation.\" >&2\n    exit 1\nfi\n# This output is used by Xcode 'outputs' to avoid re-running this script phase.\necho \"SUCCESS\" > \"${SCRIPT_OUTPUT_FILE_0}\"\n";
			showEnvVarsInLog = 0;
		};
/* End PBXShellScriptBuildPhase section */

/* Begin PBXSourcesBuildPhase section */
		13B07F871A680F5B00A75B9A /* Sources */ = {
			isa = PBXSourcesBuildPhase;
			buildActionMask = 2147483647;
			files = (
				3E3EF9692D49007700029429 /* AppDelegate.swift in Sources */,
			);
			runOnlyForDeploymentPostprocessing = 0;
		};
/* End PBXSourcesBuildPhase section */

/* Begin XCBuildConfiguration section */
		13B07F941A680F5B00A75B9A /* Debug */ = {
			isa = XCBuildConfiguration;
			baseConfigurationReference = DB0FCAAE0A4C6979065EAE41 /* Pods-GasStationsApp.debug.xcconfig */;
			buildSettings = {
				ASSETCATALOG_COMPILER_APPICON_NAME = AppIcon;
				CLANG_ENABLE_MODULES = YES;
				CURRENT_PROJECT_VERSION = 1;
				DEVELOPMENT_TEAM = HLSYDVN6D4;
				ENABLE_BITCODE = NO;
				INFOPLIST_FILE = GasStationsApp/Info.plist;
				IPHONEOS_DEPLOYMENT_TARGET = 15.1;
				LD_RUNPATH_SEARCH_PATHS = (
					"$(inherited)",
					"@executable_path/Frameworks",
				);
				MARKETING_VERSION = 1.0;
				OTHER_CFLAGS = (
					"$(inherited)",
					"-fmodule-map-file=\"${PODS_ROOT}/Headers/Public/DoubleConversion/DoubleConversion.modulemap\"",
					"-fmodule-map-file=\"${PODS_ROOT}/Headers/Public/RCTDeprecation/RCTDeprecation.modulemap\"",
					"-fmodule-map-file=\"${PODS_ROOT}/Headers/Public/RCTFabric/React-RCTFabric.modulemap\"",
					"-fmodule-map-file=\"${PODS_ROOT}/Headers/Public/RCTTypeSafety/RCTTypeSafety.modulemap\"",
					"-fmodule-map-file=\"${PODS_ROOT}/Headers/Public/RNReanimated/RNReanimated.modulemap\"",
					"-fmodule-map-file=\"${PODS_ROOT}/Headers/Public/React/React-Core.modulemap\"",
					"-fmodule-map-file=\"${PODS_ROOT}/Headers/Public/ReactCodegen/ReactCodegen.modulemap\"",
					"-fmodule-map-file=\"${PODS_ROOT}/Headers/Public/ReactCommon/ReactCommon.modulemap\"",
					"-fmodule-map-file=\"${PODS_ROOT}/Headers/Public/React_Fabric/React-Fabric.modulemap\"",
					"-fmodule-map-file=\"${PODS_ROOT}/Headers/Public/React_FabricComponents/React-FabricComponents.modulemap\"",
					"-fmodule-map-file=\"${PODS_ROOT}/Headers/Public/React_NativeModulesApple/React-NativeModulesApple.modulemap\"",
					"-fmodule-map-file=\"${PODS_ROOT}/Headers/Public/React_RCTAppDelegate/React-RCTAppDelegate.modulemap\"",
					"-fmodule-map-file=\"${PODS_ROOT}/Headers/Public/folly/RCT-Folly.modulemap\"",
					"-fmodule-map-file=\"${PODS_ROOT}/Headers/Public/glog/glog.modulemap\"",
					"-fmodule-map-file=\"${PODS_ROOT}/Headers/Public/jsi/React-jsi.modulemap\"",
					"-fmodule-map-file=\"${PODS_ROOT}/Headers/Public/jsinspector_modern/React-jsinspector.modulemap\"",
					"-fmodule-map-file=\"${PODS_ROOT}/Headers/Public/react_debug/React-debug.modulemap\"",
					"-fmodule-map-file=\"${PODS_ROOT}/Headers/Public/react_featureflags/React-featureflags.modulemap\"",
					"-fmodule-map-file=\"${PODS_ROOT}/Headers/Public/react_nativemodule_defaults/React-defaultsnativemodule.modulemap\"",
					"-fmodule-map-file=\"${PODS_ROOT}/Headers/Public/react_nativemodule_dom/React-domnativemodule.modulemap\"",
					"-fmodule-map-file=\"${PODS_ROOT}/Headers/Public/react_nativemodule_featureflags/React-featureflagsnativemodule.modulemap\"",
					"-fmodule-map-file=\"${PODS_ROOT}/Headers/Public/react_nativemodule_idlecallbacks/React-idlecallbacksnativemodule.modulemap\"",
					"-fmodule-map-file=\"${PODS_ROOT}/Headers/Public/react_nativemodule_microtasks/React-microtasksnativemodule.modulemap\"",
					"-fmodule-map-file=\"${PODS_ROOT}/Headers/Public/react_renderer_debug/React-rendererdebug.modulemap\"",
					"-fmodule-map-file=\"${PODS_ROOT}/Headers/Public/react_renderer_graphics/React-graphics.modulemap\"",
					"-fmodule-map-file=\"${PODS_ROOT}/Headers/Public/react_renderer_imagemanager/React-ImageManager.modulemap\"",
					"-fmodule-map-file=\"${PODS_ROOT}/Headers/Public/react_utils/React-utils.modulemap\"",
					"-fmodule-map-file=\"${PODS_ROOT}/Headers/Public/yoga/Yoga.modulemap\"",
					"$(inherited)",
					"$(inherited)",
					"-DFOLLY_NO_CONFIG",
					"-DFOLLY_MOBILE=1",
					"-DFOLLY_USE_LIBCPP=1",
					"-Wno-comma",
					"-Wno-shorten-64-to-32",
					"-DREACT_NATIVE_MINOR_VERSION=76",
					"-DRCT_NEW_ARCH_ENABLED",
					"-DREANIMATED_VERSION=3.16.5",
				);
				OTHER_LDFLAGS = (
					"$(inherited)",
					"-ObjC",
					"-lc++",
				);
				PRODUCT_BUNDLE_IDENTIFIER = "org.reactjs.native.example.$(PRODUCT_NAME:rfc1034identifier)";
				PRODUCT_NAME = GasStationsApp;
				SWIFT_OPTIMIZATION_LEVEL = "-Onone";
				SWIFT_VERSION = 5.0;
				VERSIONING_SYSTEM = "apple-generic";
			};
			name = Debug;
		};
		13B07F951A680F5B00A75B9A /* Release */ = {
			isa = XCBuildConfiguration;
			baseConfigurationReference = 7DD9536E44E42DB99D439FBF /* Pods-GasStationsApp.release.xcconfig */;
			buildSettings = {
				ASSETCATALOG_COMPILER_APPICON_NAME = AppIcon;
				CLANG_ENABLE_MODULES = YES;
				CURRENT_PROJECT_VERSION = 1;
				DEVELOPMENT_TEAM = HLSYDVN6D4;
				INFOPLIST_FILE = GasStationsApp/Info.plist;
				IPHONEOS_DEPLOYMENT_TARGET = 15.1;
				LD_RUNPATH_SEARCH_PATHS = (
					"$(inherited)",
					"@executable_path/Frameworks",
				);
				MARKETING_VERSION = 1.0;
				OTHER_LDFLAGS = (
					"$(inherited)",
					"-ObjC",
					"-lc++",
				);
				PRODUCT_BUNDLE_IDENTIFIER = "org.reactjs.native.example.$(PRODUCT_NAME:rfc1034identifier)";
				PRODUCT_NAME = GasStationsApp;
				SWIFT_VERSION = 5.0;
				VERSIONING_SYSTEM = "apple-generic";
			};
			name = Release;
		};
		83CBBA201A601CBA00E9B192 /* Debug */ = {
			isa = XCBuildConfiguration;
			buildSettings = {
				ALWAYS_SEARCH_USER_PATHS = NO;
				CLANG_ANALYZER_LOCALIZABILITY_NONLOCALIZED = YES;
				CLANG_CXX_LANGUAGE_STANDARD = "c++20";
				CLANG_CXX_LIBRARY = "libc++";
				CLANG_ENABLE_MODULES = YES;
				CLANG_ENABLE_OBJC_ARC = YES;
				CLANG_WARN_BLOCK_CAPTURE_AUTORELEASING = YES;
				CLANG_WARN_BOOL_CONVERSION = YES;
				CLANG_WARN_COMMA = YES;
				CLANG_WARN_CONSTANT_CONVERSION = YES;
				CLANG_WARN_DEPRECATED_OBJC_IMPLEMENTATIONS = YES;
				CLANG_WARN_DIRECT_OBJC_ISA_USAGE = YES_ERROR;
				CLANG_WARN_EMPTY_BODY = YES;
				CLANG_WARN_ENUM_CONVERSION = YES;
				CLANG_WARN_INFINITE_RECURSION = YES;
				CLANG_WARN_INT_CONVERSION = YES;
				CLANG_WARN_NON_LITERAL_NULL_CONVERSION = YES;
				CLANG_WARN_OBJC_IMPLICIT_RETAIN_SELF = YES;
				CLANG_WARN_OBJC_LITERAL_CONVERSION = YES;
				CLANG_WARN_OBJC_ROOT_CLASS = YES_ERROR;
				CLANG_WARN_QUOTED_INCLUDE_IN_FRAMEWORK_HEADER = YES;
				CLANG_WARN_RANGE_LOOP_ANALYSIS = YES;
				CLANG_WARN_STRICT_PROTOTYPES = YES;
				CLANG_WARN_SUSPICIOUS_MOVE = YES;
				CLANG_WARN_UNREACHABLE_CODE = YES;
				CLANG_WARN__DUPLICATE_METHOD_MATCH = YES;
				"CODE_SIGN_IDENTITY[sdk=iphoneos*]" = "iPhone Developer";
				COPY_PHASE_STRIP = NO;
				ENABLE_STRICT_OBJC_MSGSEND = YES;
				ENABLE_TESTABILITY = YES;
				"EXCLUDED_ARCHS[sdk=iphonesimulator*]" = "";
				GCC_C_LANGUAGE_STANDARD = gnu99;
				GCC_DYNAMIC_NO_PIC = NO;
				GCC_NO_COMMON_BLOCKS = YES;
				GCC_OPTIMIZATION_LEVEL = 0;
				GCC_PREPROCESSOR_DEFINITIONS = (
					"DEBUG=1",
					"$(inherited)",
				);
				GCC_SYMBOLS_PRIVATE_EXTERN = NO;
				GCC_WARN_64_TO_32_BIT_CONVERSION = YES;
				GCC_WARN_ABOUT_RETURN_TYPE = YES_ERROR;
				GCC_WARN_UNDECLARED_SELECTOR = YES;
				GCC_WARN_UNINITIALIZED_AUTOS = YES_AGGRESSIVE;
				GCC_WARN_UNUSED_FUNCTION = YES;
				GCC_WARN_UNUSED_VARIABLE = YES;
				IPHONEOS_DEPLOYMENT_TARGET = 15.1;
				LD_RUNPATH_SEARCH_PATHS = (
					/usr/lib/swift,
					"$(inherited)",
				);
				LIBRARY_SEARCH_PATHS = (
					"\"$(SDKROOT)/usr/lib/swift\"",
					"\"$(TOOLCHAIN_DIR)/usr/lib/swift/$(PLATFORM_NAME)\"",
					"\"$(inherited)\"",
				);
				MTL_ENABLE_DEBUG_INFO = YES;
				ONLY_ACTIVE_ARCH = YES;
				OTHER_CPLUSPLUSFLAGS = (
					"$(OTHER_CFLAGS)",
					"-DFOLLY_NO_CONFIG",
					"-DFOLLY_MOBILE=1",
					"-DFOLLY_USE_LIBCPP=1",
					"-DFOLLY_CFG_NO_COROUTINES=1",
					"-DFOLLY_HAVE_CLOCK_GETTIME=1",
				);
				OTHER_LDFLAGS = (
					"$(inherited)",
					" ",
				);
				REACT_NATIVE_PATH = "${PODS_ROOT}/../../node_modules/react-native";
				SDKROOT = iphoneos;
				SWIFT_ACTIVE_COMPILATION_CONDITIONS = "$(inherited) DEBUG";
				USE_HERMES = true;
			};
			name = Debug;
		};
		83CBBA211A601CBA00E9B192 /* Release */ = {
			isa = XCBuildConfiguration;
			buildSettings = {
				ALWAYS_SEARCH_USER_PATHS = NO;
				CLANG_ANALYZER_LOCALIZABILITY_NONLOCALIZED = YES;
				CLANG_CXX_LANGUAGE_STANDARD = "c++20";
				CLANG_CXX_LIBRARY = "libc++";
				CLANG_ENABLE_MODULES = YES;
				CLANG_ENABLE_OBJC_ARC = YES;
				CLANG_WARN_BLOCK_CAPTURE_AUTORELEASING = YES;
				CLANG_WARN_BOOL_CONVERSION = YES;
				CLANG_WARN_COMMA = YES;
				CLANG_WARN_CONSTANT_CONVERSION = YES;
				CLANG_WARN_DEPRECATED_OBJC_IMPLEMENTATIONS = YES;
				CLANG_WARN_DIRECT_OBJC_ISA_USAGE = YES_ERROR;
				CLANG_WARN_EMPTY_BODY = YES;
				CLANG_WARN_ENUM_CONVERSION = YES;
				CLANG_WARN_INFINITE_RECURSION = YES;
				CLANG_WARN_INT_CONVERSION = YES;
				CLANG_WARN_NON_LITERAL_NULL_CONVERSION = YES;
				CLANG_WARN_OBJC_IMPLICIT_RETAIN_SELF = YES;
				CLANG_WARN_OBJC_LITERAL_CONVERSION = YES;
				CLANG_WARN_OBJC_ROOT_CLASS = YES_ERROR;
				CLANG_WARN_QUOTED_INCLUDE_IN_FRAMEWORK_HEADER = YES;
				CLANG_WARN_RANGE_LOOP_ANALYSIS = YES;
				CLANG_WARN_STRICT_PROTOTYPES = YES;
				CLANG_WARN_SUSPICIOUS_MOVE = YES;
				CLANG_WARN_UNREACHABLE_CODE = YES;
				CLANG_WARN__DUPLICATE_METHOD_MATCH = YES;
				"CODE_SIGN_IDENTITY[sdk=iphoneos*]" = "iPhone Developer";
				COPY_PHASE_STRIP = YES;
				ENABLE_NS_ASSERTIONS = NO;
				ENABLE_STRICT_OBJC_MSGSEND = YES;
				"EXCLUDED_ARCHS[sdk=iphonesimulator*]" = "";
				GCC_C_LANGUAGE_STANDARD = gnu99;
				GCC_NO_COMMON_BLOCKS = YES;
				GCC_WARN_64_TO_32_BIT_CONVERSION = YES;
				GCC_WARN_ABOUT_RETURN_TYPE = YES_ERROR;
				GCC_WARN_UNDECLARED_SELECTOR = YES;
				GCC_WARN_UNINITIALIZED_AUTOS = YES_AGGRESSIVE;
				GCC_WARN_UNUSED_FUNCTION = YES;
				GCC_WARN_UNUSED_VARIABLE = YES;
				IPHONEOS_DEPLOYMENT_TARGET = 15.1;
				LD_RUNPATH_SEARCH_PATHS = (
					/usr/lib/swift,
					"$(inherited)",
				);
				LIBRARY_SEARCH_PATHS = (
					"\"$(SDKROOT)/usr/lib/swift\"",
					"\"$(TOOLCHAIN_DIR)/usr/lib/swift/$(PLATFORM_NAME)\"",
					"\"$(inherited)\"",
				);
				MTL_ENABLE_DEBUG_INFO = NO;
				OTHER_CPLUSPLUSFLAGS = (
					"$(OTHER_CFLAGS)",
					"-DFOLLY_NO_CONFIG",
					"-DFOLLY_MOBILE=1",
					"-DFOLLY_USE_LIBCPP=1",
					"-DFOLLY_CFG_NO_COROUTINES=1",
					"-DFOLLY_HAVE_CLOCK_GETTIME=1",
				);
				OTHER_LDFLAGS = (
					"$(inherited)",
					" ",
				);
				REACT_NATIVE_PATH = "${PODS_ROOT}/../../node_modules/react-native";
				SDKROOT = iphoneos;
				USE_HERMES = true;
				VALIDATE_PRODUCT = YES;
			};
			name = Release;
		};
/* End XCBuildConfiguration section */

/* Begin XCConfigurationList section */
		13B07F931A680F5B00A75B9A /* Build configuration list for PBXNativeTarget "GasStationsApp" */ = {
			isa = XCConfigurationList;
			buildConfigurations = (
				13B07F941A680F5B00A75B9A /* Debug */,
				13B07F951A680F5B00A75B9A /* Release */,
			);
			defaultConfigurationIsVisible = 0;
			defaultConfigurationName = Release;
		};
		83CBB9FA1A601CBA00E9B192 /* Build configuration list for PBXProject "GasStationsApp" */ = {
			isa = XCConfigurationList;
			buildConfigurations = (
				83CBBA201A601CBA00E9B192 /* Debug */,
				83CBBA211A601CBA00E9B192 /* Release */,
			);
			defaultConfigurationIsVisible = 0;
			defaultConfigurationName = Release;
		};
/* End XCConfigurationList section */
	};
	rootObject = 83CBB9F71A601CBA00E9B192 /* Project object */;
}
